{
  "version": "4",
  "specifiers": {
    "jsr:@deno-library/template@*": "0.2.1",
    "jsr:@libs/xml@*": "6.0.4",
    "jsr:@maxim-mazurok/sax-ts@*": "1.2.13",
    "jsr:@std/bytes@^1.0.5": "1.0.5",
    "jsr:@std/collections@^1.0.10": "1.0.10",
    "jsr:@std/encoding@*": "1.0.7",
    "jsr:@std/encoding@1": "1.0.7",
    "jsr:@std/fs@*": "1.0.14",
    "jsr:@std/html@*": "1.0.3",
    "jsr:@std/path@*": "1.0.8",
    "jsr:@std/path@^1.0.8": "1.0.8",
    "jsr:@std/streams@*": "1.0.9",
    "jsr:@std/toml@*": "1.0.3",
    "jsr:@std/yaml@*": "1.0.5",
    "jsr:@takker/md5@*": "0.1.0"
  },
  "jsr": {
    "@deno-library/template@0.2.1": {
      "integrity": "d79da4da0afb9fb4d93838b4debcc8650706f657037ba1d927c0aac2a364bd1a"
    },
    "@libs/xml@6.0.4": {
      "integrity": "c896f17016dbf5f2d62496e0bd6cd7db145c05987d0e45d4dd2c87785a60f528"
    },
    "@maxim-mazurok/sax-ts@1.2.13": {
      "integrity": "9f2f9a3ac1b142400940a4c9e916656fe63d4710a78102aeb8e08e863de2c76d"
    },
    "@std/bytes@1.0.5": {
      "integrity": "4465dd739d7963d964c809202ebea6d5c6b8e3829ef25c6a224290fbb8a1021e"
    },
    "@std/collections@1.0.10": {
      "integrity": "903af106a3d92970d74e20f7ebff77d9658af9bef4403f1dc42a7801c0575899"
    },
    "@std/encoding@1.0.7": {
      "integrity": "f631247c1698fef289f2de9e2a33d571e46133b38d042905e3eac3715030a82d"
    },
    "@std/fs@1.0.14": {
      "integrity": "1e84bf0b95fe08f41f1f4aea9717bbf29f45408a56ce073b0114474ce1c9fccf",
      "dependencies": [
        "jsr:@std/path@^1.0.8"
      ]
    },
    "@std/html@1.0.3": {
      "integrity": "7a0ac35e050431fb49d44e61c8b8aac1ebd55937e0dc9ec6409aa4bab39a7988"
    },
    "@std/path@1.0.8": {
      "integrity": "548fa456bb6a04d3c1a1e7477986b6cffbce95102d0bb447c67c4ee70e0364be"
    },
    "@std/streams@1.0.9": {
      "integrity": "a9d26b1988cdd7aa7b1f4b51e1c36c1557f3f252880fa6cc5b9f37078b1a5035",
      "dependencies": [
        "jsr:@std/bytes"
      ]
    },
    "@std/toml@1.0.3": {
      "integrity": "dd5c039860a312779ec19980be000d977ce8f56fadaa073d8f33632f21540ffb",
      "dependencies": [
        "jsr:@std/collections"
      ]
    },
    "@std/yaml@1.0.5": {
      "integrity": "71ba3d334305ee2149391931508b2c293a8490f94a337eef3a09cade1a2a2742"
    },
    "@takker/md5@0.1.0": {
      "integrity": "4c423d8247aadf7bcb1eb83c727bf28c05c21906e916517395d00aa157b6eae0"
    }
  },
  "workspace": {
    "dependencies": [
      "jsr:@std/assert@1"
    ],
    "packageJson": {
      "dependencies": [
        "npm:@caspertech/node-metaverse@~0.8.1",
        "npm:@types/ejs@^3.1.5",
        "npm:ejs@^3.1.10",
        "npm:markdown-to-html-cli@^5.0.3",
        "npm:typescript@^5.8.2"
      ]
    }
  }
}
